
Microsoft Visual Studio Solution File, Format Version 12.00
# Visual Studio Version 16
VisualStudioVersion = 16.0.31624.102
MinimumVisualStudioVersion = 10.0.40219.1
Project("{FAE04EC0-301F-11D3-BF4B-00C04F79EFBC}") = "ДЗ_1", "ДЗ_1\ДЗ_1.csproj", "{98BBC7B7-9238-42DA-8E49-177939BA2D0C}"
EndProject
Global
	GlobalSection(SolutionConfigurationPlatforms) = preSolution
		Debug|Any CPU = Debug|Any CPU
		Release|Any CPU = Release|Any CPU
	EndGlobalSection
	GlobalSection(ProjectConfigurationPlatforms) = postSolution
		{98BBC7B7-9238-42DA-8E49-177939BA2D0C}.Debug|Any CPU.ActiveCfg = Debug|Any CPU
		{98BBC7B7-9238-42DA-8E49-177939BA2D0C}.Debug|Any CPU.Build.0 = Debug|Any CPU
		{98BBC7B7-9238-42DA-8E49-177939BA2D0C}.Release|Any CPU.ActiveCfg = Release|Any CPU
		{98BBC7B7-9238-42DA-8E49-177939BA2D0C}.Release|Any CPU.Build.0 = Release|Any CPU
	EndGlobalSection
	GlobalSection(SolutionProperties) = preSolution
		HideSolutionNode = FALSE
	EndGlobalSection
	GlobalSection(ExtensibilityGlobals) = postSolution
		SolutionGuid = {6F0064A3-94FA-4B65-AFD4-470986EDA359}
	EndGlobalSection
EndGlobal
